
Microsoft Visual Studio Solution File, Format Version 12.00
# Visual Studio Version 16
VisualStudioVersion = 16.0.31729.503
MinimumVisualStudioVersion = 10.0.40219.1
Project("{FAE04EC0-301F-11D3-BF4B-00C04F79EFBC}") = "mzkorcsolya", "mzkorcsolya\mzkorcsolya.csproj", "{248E0BBF-9C17-414E-9064-6CE6B859270C}"
EndProject
Global
	GlobalSection(SolutionConfigurationPlatforms) = preSolution
		Debug|Any CPU = Debug|Any CPU
		Release|Any CPU = Release|Any CPU
	EndGlobalSection
	GlobalSection(ProjectConfigurationPlatforms) = postSolution
		{248E0BBF-9C17-414E-9064-6CE6B859270C}.Debug|Any CPU.ActiveCfg = Debug|Any CPU
		{248E0BBF-9C17-414E-9064-6CE6B859270C}.Debug|Any CPU.Build.0 = Debug|Any CPU
		{248E0BBF-9C17-414E-9064-6CE6B859270C}.Release|Any CPU.ActiveCfg = Release|Any CPU
		{248E0BBF-9C17-414E-9064-6CE6B859270C}.Release|Any CPU.Build.0 = Release|Any CPU
	EndGlobalSection
	GlobalSection(SolutionProperties) = preSolution
		HideSolutionNode = FALSE
	EndGlobalSection
	GlobalSection(ExtensibilityGlobals) = postSolution
		SolutionGuid = {1E67E82A-22DD-4367-B835-7C13E0874650}
	EndGlobalSection
EndGlobal
